// !$*UTF8*$!
{
	archiveVersion = 1;
	classes = {
	};
	objectVersion = 56;
	objects = {

/* Begin PBXBuildFile section */
		04494FCB2CA54CB800492B76 /* AppDelegate.swift in Sources */ = {isa = PBXBuildFile; fileRef = 04494FCA2CA54CB800492B76 /* AppDelegate.swift */; };
		04494FCD2CA54CB800492B76 /* SceneDelegate.swift in Sources */ = {isa = PBXBuildFile; fileRef = 04494FCC2CA54CB800492B76 /* SceneDelegate.swift */; };
		04494FCF2CA54CB800492B76 /* ViewController.swift in Sources */ = {isa = PBXBuildFile; fileRef = 04494FCE2CA54CB800492B76 /* ViewController.swift */; };
		04494FD22CA54CB800492B76 /* Base in Resources */ = {isa = PBXBuildFile; fileRef = 04494FD12CA54CB800492B76 /* Base */; };
		04494FD42CA54CB800492B76 /* Assets.xcassets in Resources */ = {isa = PBXBuildFile; fileRef = 04494FD32CA54CB800492B76 /* Assets.xcassets */; };
		04494FD72CA54CB800492B76 /* Base in Resources */ = {isa = PBXBuildFile; fileRef = 04494FD62CA54CB800492B76 /* Base */; };
		04494FE22CA54CB900492B76 /* GITHUBDEMOTests.swift in Sources */ = {isa = PBXBuildFile; fileRef = 04494FE12CA54CB900492B76 /* GITHUBDEMOTests.swift */; };
		04494FEC2CA54CB900492B76 /* GITHUBDEMOUITests.swift in Sources */ = {isa = PBXBuildFile; fileRef = 04494FEB2CA54CB900492B76 /* GITHUBDEMOUITests.swift */; };
		04494FEE2CA54CB900492B76 /* GITHUBDEMOUITestsLaunchTests.swift in Sources */ = {isa = PBXBuildFile; fileRef = 04494FED2CA54CB900492B76 /* GITHUBDEMOUITestsLaunchTests.swift */; };
/* End PBXBuildFile section */

/* Begin PBXContainerItemProxy section */
		04494FDE2CA54CB900492B76 /* PBXContainerItemProxy */ = {
			isa = PBXContainerItemProxy;
			containerPortal = 04494FBF2CA54CB800492B76 /* Project object */;
			proxyType = 1;
			remoteGlobalIDString = 04494FC62CA54CB800492B76;
			remoteInfo = GITHUBDEMO;
		};
		04494FE82CA54CB900492B76 /* PBXContainerItemProxy */ = {
			isa = PBXContainerItemProxy;
			containerPortal = 04494FBF2CA54CB800492B76 /* Project object */;
			proxyType = 1;
			remoteGlobalIDString = 04494FC62CA54CB800492B76;
			remoteInfo = GITHUBDEMO;
		};
/* End PBXContainerItemProxy section */

/* Begin PBXFileReference section */
		04494FC72CA54CB800492B76 /* GITHUBDEMO.app */ = {isa = PBXFileReference; explicitFileType = wrapper.application; includeInIndex = 0; path = GITHUBDEMO.app; sourceTree = BUILT_PRODUCTS_DIR; };
		04494FCA2CA54CB800492B76 /* AppDelegate.swift */ = {isa = PBXFileReference; lastKnownFileType = sourcecode.swift; path = AppDelegate.swift; sourceTree = "<group>"; };
		04494FCC2CA54CB800492B76 /* SceneDelegate.swift */ = {isa = PBXFileReference; lastKnownFileType = sourcecode.swift; path = SceneDelegate.swift; sourceTree = "<group>"; };
		04494FCE2CA54CB800492B76 /* ViewController.swift */ = {isa = PBXFileReference; lastKnownFileType = sourcecode.swift; path = ViewController.swift; sourceTree = "<group>"; };
		04494FD12CA54CB800492B76 /* Base */ = {isa = PBXFileReference; lastKnownFileType = file.storyboard; name = Base; path = Base.lproj/Main.storyboard; sourceTree = "<group>"; };
		04494FD32CA54CB800492B76 /* Assets.xcassets */ = {isa = PBXFileReference; lastKnownFileType = folder.assetcatalog; path = Assets.xcassets; sourceTree = "<group>"; };
		04494FD62CA54CB800492B76 /* Base */ = {isa = PBXFileReference; lastKnownFileType = file.storyboard; name = Base; path = Base.lproj/LaunchScreen.storyboard; sourceTree = "<group>"; };
		04494FD82CA54CB800492B76 /* Info.plist */ = {isa = PBXFileReference; lastKnownFileType = text.plist.xml; path = Info.plist; sourceTree = "<group>"; };
		04494FDD2CA54CB900492B76 /* GITHUBDEMOTests.xctest */ = {isa = PBXFileReference; explicitFileType = wrapper.cfbundle; includeInIndex = 0; path = GITHUBDEMOTests.xctest; sourceTree = BUILT_PRODUCTS_DIR; };
		04494FE12CA54CB900492B76 /* GITHUBDEMOTests.swift */ = {isa = PBXFileReference; lastKnownFileType = sourcecode.swift; path = GITHUBDEMOTests.swift; sourceTree = "<group>"; };
		04494FE72CA54CB900492B76 /* GITHUBDEMOUITests.xctest */ = {isa = PBXFileReference; explicitFileType = wrapper.cfbundle; includeInIndex = 0; path = GITHUBDEMOUITests.xctest; sourceTree = BUILT_PRODUCTS_DIR; };
		04494FEB2CA54CB900492B76 /* GITHUBDEMOUITests.swift */ = {isa = PBXFileReference; lastKnownFileType = sourcecode.swift; path = GITHUBDEMOUITests.swift; sourceTree = "<group>"; };
		04494FED2CA54CB900492B76 /* GITHUBDEMOUITestsLaunchTests.swift */ = {isa = PBXFileReference; lastKnownFileType = sourcecode.swift; path = GITHUBDEMOUITestsLaunchTests.swift; sourceTree = "<group>"; };
/* End PBXFileReference section */

/* Begin PBXFrameworksBuildPhase section */
		04494FC42CA54CB800492B76 /* Frameworks */ = {
			isa = PBXFrameworksBuildPhase;
			buildActionMask = 2147483647;
			files = (
			);
			runOnlyForDeploymentPostprocessing = 0;
		};
		04494FDA2CA54CB900492B76 /* Frameworks */ = {
			isa = PBXFrameworksBuildPhase;
			buildActionMask = 2147483647;
			files = (
			);
			runOnlyForDeploymentPostprocessing = 0;
		};
		04494FE42CA54CB900492B76 /* Frameworks */ = {
			isa = PBXFrameworksBuildPhase;
			buildActionMask = 2147483647;
			files = (
			);
			runOnlyForDeploymentPostprocessing = 0;
		};
/* End PBXFrameworksBuildPhase section */

/* Begin PBXGroup section */
		04494FBE2CA54CB800492B76 = {
			isa = PBXGroup;
			children = (
				04494FC92CA54CB800492B76 /* GITHUBDEMO */,
				04494FE02CA54CB900492B76 /* GITHUBDEMOTests */,
				04494FEA2CA54CB900492B76 /* GITHUBDEMOUITests */,
				04494FC82CA54CB800492B76 /* Products */,
			);
			sourceTree = "<group>";
		};
		04494FC82CA54CB800492B76 /* Products */ = {
			isa = PBXGroup;
			children = (
				04494FC72CA54CB800492B76 /* GITHUBDEMO.app */,
				04494FDD2CA54CB900492B76 /* GITHUBDEMOTests.xctest */,
				04494FE72CA54CB900492B76 /* GITHUBDEMOUITests.xctest */,
			);
			name = Products;
			sourceTree = "<group>";
		};
		04494FC92CA54CB800492B76 /* GITHUBDEMO */ = {
			isa = PBXGroup;
			children = (
				04494FCA2CA54CB800492B76 /* AppDelegate.swift */,
				04494FCC2CA54CB800492B76 /* SceneDelegate.swift */,
				04494FCE2CA54CB800492B76 /* ViewController.swift */,
				04494FD02CA54CB800492B76 /* Main.storyboard */,
				04494FD32CA54CB800492B76 /* Assets.xcassets */,
				04494FD52CA54CB800492B76 /* LaunchScreen.storyboard */,
				04494FD82CA54CB800492B76 /* Info.plist */,
			);
			path = GITHUBDEMO;
			sourceTree = "<group>";
		};
		04494FE02CA54CB900492B76 /* GITHUBDEMOTests */ = {
			isa = PBXGroup;
			children = (
				04494FE12CA54CB900492B76 /* GITHUBDEMOTests.swift */,
			);
			path = GITHUBDEMOTests;
			sourceTree = "<group>";
		};
		04494FEA2CA54CB900492B76 /* GITHUBDEMOUITests */ = {
			isa = PBXGroup;
			children = (
				04494FEB2CA54CB900492B76 /* GITHUBDEMOUITests.swift */,
				04494FED2CA54CB900492B76 /* GITHUBDEMOUITestsLaunchTests.swift */,
			);
			path = GITHUBDEMOUITests;
			sourceTree = "<group>";
		};
/* End PBXGroup section */

/* Begin PBXNativeTarget section */
		04494FC62CA54CB800492B76 /* GITHUBDEMO */ = {
			isa = PBXNativeTarget;
			buildConfigurationList = 04494FF12CA54CB900492B76 /* Build configuration list for PBXNativeTarget "GITHUBDEMO" */;
			buildPhases = (
				04494FC32CA54CB800492B76 /* Sources */,
				04494FC42CA54CB800492B76 /* Frameworks */,
				04494FC52CA54CB800492B76 /* Resources */,
			);
			buildRules = (
			);
			dependencies = (
			);
			name = GITHUBDEMO;
			productName = GITHUBDEMO;
			productReference = 04494FC72CA54CB800492B76 /* GITHUBDEMO.app */;
			productType = "com.apple.product-type.application";
		};
		04494FDC2CA54CB900492B76 /* GITHUBDEMOTests */ = {
			isa = PBXNativeTarget;
			buildConfigurationList = 04494FF42CA54CB900492B76 /* Build configuration list for PBXNativeTarget "GITHUBDEMOTests" */;
			buildPhases = (
				04494FD92CA54CB900492B76 /* Sources */,
				04494FDA2CA54CB900492B76 /* Frameworks */,
				04494FDB2CA54CB900492B76 /* Resources */,
			);
			buildRules = (
			);
			dependencies = (
				04494FDF2CA54CB900492B76 /* PBXTargetDependency */,
			);
			name = GITHUBDEMOTests;
			productName = GITHUBDEMOTests;
			productReference = 04494FDD2CA54CB900492B76 /* GITHUBDEMOTests.xctest */;
			productType = "com.apple.product-type.bundle.unit-test";
		};
		04494FE62CA54CB900492B76 /* GITHUBDEMOUITests */ = {
			isa = PBXNativeTarget;
			buildConfigurationList = 04494FF72CA54CB900492B76 /* Build configuration list for PBXNativeTarget "GITHUBDEMOUITests" */;
			buildPhases = (
				04494FE32CA54CB900492B76 /* Sources */,
				04494FE42CA54CB900492B76 /* Frameworks */,
				04494FE52CA54CB900492B76 /* Resources */,
			);
			buildRules = (
			);
			dependencies = (
				04494FE92CA54CB900492B76 /* PBXTargetDependency */,
			);
			name = GITHUBDEMOUITests;
			productName = GITHUBDEMOUITests;
			productReference = 04494FE72CA54CB900492B76 /* GITHUBDEMOUITests.xctest */;
			productType = "com.apple.product-type.bundle.ui-testing";
		};
/* End PBXNativeTarget section */

/* Begin PBXProject section */
		04494FBF2CA54CB800492B76 /* Project object */ = {
			isa = PBXProject;
			attributes = {
				BuildIndependentTargetsInParallel = 1;
				LastSwiftUpdateCheck = 1540;
				LastUpgradeCheck = 1540;
				TargetAttributes = {
					04494FC62CA54CB800492B76 = {
						CreatedOnToolsVersion = 15.4;
					};
					04494FDC2CA54CB900492B76 = {
						CreatedOnToolsVersion = 15.4;
						TestTargetID = 04494FC62CA54CB800492B76;
					};
					04494FE62CA54CB900492B76 = {
						CreatedOnToolsVersion = 15.4;
						TestTargetID = 04494FC62CA54CB800492B76;
					};
				};
			};
			buildConfigurationList = 04494FC22CA54CB800492B76 /* Build configuration list for PBXProject "GITHUBDEMO" */;
			compatibilityVersion = "Xcode 14.0";
			developmentRegion = en;
			hasScannedForEncodings = 0;
			knownRegions = (
				en,
				Base,
			);
			mainGroup = 04494FBE2CA54CB800492B76;
			productRefGroup = 04494FC82CA54CB800492B76 /* Products */;
			projectDirPath = "";
			projectRoot = "";
			targets = (
				04494FC62CA54CB800492B76 /* GITHUBDEMO */,
				04494FDC2CA54CB900492B76 /* GITHUBDEMOTests */,
				04494FE62CA54CB900492B76 /* GITHUBDEMOUITests */,
			);
		};
/* End PBXProject section */

/* Begin PBXResourcesBuildPhase section */
		04494FC52CA54CB800492B76 /* Resources */ = {
			isa = PBXResourcesBuildPhase;
			buildActionMask = 2147483647;
			files = (
				04494FD42CA54CB800492B76 /* Assets.xcassets in Resources */,
				04494FD72CA54CB800492B76 /* Base in Resources */,
				04494FD22CA54CB800492B76 /* Base in Resources */,
			);
			runOnlyForDeploymentPostprocessing = 0;
		};
		04494FDB2CA54CB900492B76 /* Resources */ = {
			isa = PBXResourcesBuildPhase;
			buildActionMask = 2147483647;
			files = (
			);
			runOnlyForDeploymentPostprocessing = 0;
		};
		04494FE52CA54CB900492B76 /* Resources */ = {
			isa = PBXResourcesBuildPhase;
			buildActionMask = 2147483647;
			files = (
			);
			runOnlyForDeploymentPostprocessing = 0;
		};
/* End PBXResourcesBuildPhase section */

/* Begin PBXSourcesBuildPhase section */
		04494FC32CA54CB800492B76 /* Sources */ = {
			isa = PBXSourcesBuildPhase;
			buildActionMask = 2147483647;
			files = (
				04494FCF2CA54CB800492B76 /* ViewController.swift in Sources */,
				04494FCB2CA54CB800492B76 /* AppDelegate.swift in Sources */,
				04494FCD2CA54CB800492B76 /* SceneDelegate.swift in Sources */,
			);
			runOnlyForDeploymentPostprocessing = 0;
		};
		04494FD92CA54CB900492B76 /* Sources */ = {
			isa = PBXSourcesBuildPhase;
			buildActionMask = 2147483647;
			files = (
				04494FE22CA54CB900492B76 /* GITHUBDEMOTests.swift in Sources */,
			);
			runOnlyForDeploymentPostprocessing = 0;
		};
		04494FE32CA54CB900492B76 /* Sources */ = {
			isa = PBXSourcesBuildPhase;
			buildActionMask = 2147483647;
			files = (
				04494FEE2CA54CB900492B76 /* GITHUBDEMOUITestsLaunchTests.swift in Sources */,
				04494FEC2CA54CB900492B76 /* GITHUBDEMOUITests.swift in Sources */,
			);
			runOnlyForDeploymentPostprocessing = 0;
		};
/* End PBXSourcesBuildPhase section */

/* Begin PBXTargetDependency section */
		04494FDF2CA54CB900492B76 /* PBXTargetDependency */ = {
			isa = PBXTargetDependency;
			target = 04494FC62CA54CB800492B76 /* GITHUBDEMO */;
			targetProxy = 04494FDE2CA54CB900492B76 /* PBXContainerItemProxy */;
		};
		04494FE92CA54CB900492B76 /* PBXTargetDependency */ = {
			isa = PBXTargetDependency;
			target = 04494FC62CA54CB800492B76 /* GITHUBDEMO */;
			targetProxy = 04494FE82CA54CB900492B76 /* PBXContainerItemProxy */;
		};
/* End PBXTargetDependency section */

/* Begin PBXVariantGroup section */
		04494FD02CA54CB800492B76 /* Main.storyboard */ = {
			isa = PBXVariantGroup;
			children = (
				04494FD12CA54CB800492B76 /* Base */,
			);
			name = Main.storyboard;
			sourceTree = "<group>";
		};
		04494FD52CA54CB800492B76 /* LaunchScreen.storyboard */ = {
			isa = PBXVariantGroup;
			children = (
				04494FD62CA54CB800492B76 /* Base */,
			);
			name = LaunchScreen.storyboard;
			sourceTree = "<group>";
		};
/* End PBXVariantGroup section */

/* Begin XCBuildConfiguration section */
		04494FEF2CA54CB900492B76 /* Debug */ = {
			isa = XCBuildConfiguration;
			buildSettings = {
				ALWAYS_SEARCH_USER_PATHS = NO;
				ASSETCATALOG_COMPILER_GENERATE_SWIFT_ASSET_SYMBOL_EXTENSIONS = YES;
				CLANG_ANALYZER_NONNULL = YES;
				CLANG_ANALYZER_NUMBER_OBJECT_CONVERSION = YES_AGGRESSIVE;
				CLANG_CXX_LANGUAGE_STANDARD = "gnu++20";
				CLANG_ENABLE_MODULES = YES;
				CLANG_ENABLE_OBJC_ARC = YES;
				CLANG_ENABLE_OBJC_WEAK = YES;
				CLANG_WARN_BLOCK_CAPTURE_AUTORELEASING = YES;
				CLANG_WARN_BOOL_CONVERSION = YES;
				CLANG_WARN_COMMA = YES;
				CLANG_WARN_CONSTANT_CONVERSION = YES;
				CLANG_WARN_DEPRECATED_OBJC_IMPLEMENTATIONS = YES;
				CLANG_WARN_DIRECT_OBJC_ISA_USAGE = YES_ERROR;
				CLANG_WARN_DOCUMENTATION_COMMENTS = YES;
				CLANG_WARN_EMPTY_BODY = YES;
				CLANG_WARN_ENUM_CONVERSION = YES;
				CLANG_WARN_INFINITE_RECURSION = YES;
				CLANG_WARN_INT_CONVERSION = YES;
				CLANG_WARN_NON_LITERAL_NULL_CONVERSION = YES;
				CLANG_WARN_OBJC_IMPLICIT_RETAIN_SELF = YES;
				CLANG_WARN_OBJC_LITERAL_CONVERSION = YES;
				CLANG_WARN_OBJC_ROOT_CLASS = YES_ERROR;
				CLANG_WARN_QUOTED_INCLUDE_IN_FRAMEWORK_HEADER = YES;
				CLANG_WARN_RANGE_LOOP_ANALYSIS = YES;
				CLANG_WARN_STRICT_PROTOTYPES = YES;
				CLANG_WARN_SUSPICIOUS_MOVE = YES;
				CLANG_WARN_UNGUARDED_AVAILABILITY = YES_AGGRESSIVE;
				CLANG_WARN_UNREACHABLE_CODE = YES;
				CLANG_WARN__DUPLICATE_METHOD_MATCH = YES;
				COPY_PHASE_STRIP = NO;
				DEBUG_INFORMATION_FORMAT = dwarf;
				ENABLE_STRICT_OBJC_MSGSEND = YES;
				ENABLE_TESTABILITY = YES;
				ENABLE_USER_SCRIPT_SANDBOXING = YES;
				GCC_C_LANGUAGE_STANDARD = gnu17;
				GCC_DYNAMIC_NO_PIC = NO;
				GCC_NO_COMMON_BLOCKS = YES;
				GCC_OPTIMIZATION_LEVEL = 0;
				GCC_PREPROCESSOR_DEFINITIONS = (
					"DEBUG=1",
					"$(inherited)",
				);
				GCC_WARN_64_TO_32_BIT_CONVERSION = YES;
				GCC_WARN_ABOUT_RETURN_TYPE = YES_ERROR;
				GCC_WARN_UNDECLARED_SELECTOR = YES;
				GCC_WARN_UNINITIALIZED_AUTOS = YES_AGGRESSIVE;
				GCC_WARN_UNUSED_FUNCTION = YES;
				GCC_WARN_UNUSED_VARIABLE = YES;
				IPHONEOS_DEPLOYMENT_TARGET = 17.5;
				LOCALIZATION_PREFERS_STRING_CATALOGS = YES;
				MTL_ENABLE_DEBUG_INFO = INCLUDE_SOURCE;
				MTL_FAST_MATH = YES;
				ONLY_ACTIVE_ARCH = YES;
				SDKROOT = iphoneos;
				SWIFT_ACTIVE_COMPILATION_CONDITIONS = "DEBUG $(inherited)";
				SWIFT_OPTIMIZATION_LEVEL = "-Onone";
			};
			name = Debug;
		};
		04494FF02CA54CB900492B76 /* Release */ = {
			isa = XCBuildConfiguration;
			buildSettings = {
				ALWAYS_SEARCH_USER_PATHS = NO;
				ASSETCATALOG_COMPILER_GENERATE_SWIFT_ASSET_SYMBOL_EXTENSIONS = YES;
				CLANG_ANALYZER_NONNULL = YES;
				CLANG_ANALYZER_NUMBER_OBJECT_CONVERSION = YES_AGGRESSIVE;
				CLANG_CXX_LANGUAGE_STANDARD = "gnu++20";
				CLANG_ENABLE_MODULES = YES;
				CLANG_ENABLE_OBJC_ARC = YES;
				CLANG_ENABLE_OBJC_WEAK = YES;
				CLANG_WARN_BLOCK_CAPTURE_AUTORELEASING = YES;
				CLANG_WARN_BOOL_CONVERSION = YES;
				CLANG_WARN_COMMA = YES;
				CLANG_WARN_CONSTANT_CONVERSION = YES;
				CLANG_WARN_DEPRECATED_OBJC_IMPLEMENTATIONS = YES;
				CLANG_WARN_DIRECT_OBJC_ISA_USAGE = YES_ERROR;
				CLANG_WARN_DOCUMENTATION_COMMENTS = YES;
				CLANG_WARN_EMPTY_BODY = YES;
				CLANG_WARN_ENUM_CONVERSION = YES;
				CLANG_WARN_INFINITE_RECURSION = YES;
				CLANG_WARN_INT_CONVERSION = YES;
				CLANG_WARN_NON_LITERAL_NULL_CONVERSION = YES;
				CLANG_WARN_OBJC_IMPLICIT_RETAIN_SELF = YES;
				CLANG_WARN_OBJC_LITERAL_CONVERSION = YES;
				CLANG_WARN_OBJC_ROOT_CLASS = YES_ERROR;
				CLANG_WARN_QUOTED_INCLUDE_IN_FRAMEWORK_HEADER = YES;
				CLANG_WARN_RANGE_LOOP_ANALYSIS = YES;
				CLANG_WARN_STRICT_PROTOTYPES = YES;
				CLANG_WARN_SUSPICIOUS_MOVE = YES;
				CLANG_WARN_UNGUARDED_AVAILABILITY = YES_AGGRESSIVE;
				CLANG_WARN_UNREACHABLE_CODE = YES;
				CLANG_WARN__DUPLICATE_METHOD_MATCH = YES;
				COPY_PHASE_STRIP = NO;
				DEBUG_INFORMATION_FORMAT = "dwarf-with-dsym";
				ENABLE_NS_ASSERTIONS = NO;
				ENABLE_STRICT_OBJC_MSGSEND = YES;
				ENABLE_USER_SCRIPT_SANDBOXING = YES;
				GCC_C_LANGUAGE_STANDARD = gnu17;
				GCC_NO_COMMON_BLOCKS = YES;
				GCC_WARN_64_TO_32_BIT_CONVERSION = YES;
				GCC_WARN_ABOUT_RETURN_TYPE = YES_ERROR;
				GCC_WARN_UNDECLARED_SELECTOR = YES;
				GCC_WARN_UNINITIALIZED_AUTOS = YES_AGGRESSIVE;
				GCC_WARN_UNUSED_FUNCTION = YES;
				GCC_WARN_UNUSED_VARIABLE = YES;
				IPHONEOS_DEPLOYMENT_TARGET = 17.5;
				LOCALIZATION_PREFERS_STRING_CATALOGS = YES;
				MTL_ENABLE_DEBUG_INFO = NO;
				MTL_FAST_MATH = YES;
				SDKROOT = iphoneos;
				SWIFT_COMPILATION_MODE = wholemodule;
				VALIDATE_PRODUCT = YES;
			};
			name = Release;
		};
		04494FF22CA54CB900492B76 /* Debug */ = {
			isa = XCBuildConfiguration;
			buildSettings = {
				ASSETCATALOG_COMPILER_APPICON_NAME = AppIcon;
				ASSETCATALOG_COMPILER_GLOBAL_ACCENT_COLOR_NAME = AccentColor;
				CODE_SIGN_STYLE = Automatic;
				CURRENT_PROJECT_VERSION = 1;
				GENERATE_INFOPLIST_FILE = YES;
				INFOPLIST_FILE = GITHUBDEMO/Info.plist;
				INFOPLIST_KEY_UIApplicationSupportsIndirectInputEvents = YES;
				INFOPLIST_KEY_UILaunchStoryboardName = LaunchScreen;
				INFOPLIST_KEY_UIMainStoryboardFile = Main;
				INFOPLIST_KEY_UISupportedInterfaceOrientations_iPad = "UIInterfaceOrientationPortrait UIInterfaceOrientationPortraitUpsideDown UIInterfaceOrientationLandscapeLeft UIInterfaceOrientationLandscapeRight";
				INFOPLIST_KEY_UISupportedInterfaceOrientations_iPhone = "UIInterfaceOrientationPortrait UIInterfaceOrientationLandscapeLeft UIInterfaceOrientationLandscapeRight";
				LD_RUNPATH_SEARCH_PATHS = (
					"$(inherited)",
					"@executable_path/Frameworks",
				);
				MARKETING_VERSION = 1.0;
				PRODUCT_BUNDLE_IDENTIFIER = com.hy.GITHUBDEMO;
				PRODUCT_NAME = "$(TARGET_NAME)";
				SWIFT_EMIT_LOC_STRINGS = YES;
				SWIFT_VERSION = 5.0;
				TARGETED_DEVICE_FAMILY = "1,2";
			};
			name = Debug;
		};
		04494FF32CA54CB900492B76 /* Release */ = {
			isa = XCBuildConfiguration;
			buildSettings = {
				ASSETCATALOG_COMPILER_APPICON_NAME = AppIcon;
				ASSETCATALOG_COMPILER_GLOBAL_ACCENT_COLOR_NAME = AccentColor;
				CODE_SIGN_STYLE = Automatic;
				CURRENT_PROJECT_VERSION = 1;
				GENERATE_INFOPLIST_FILE = YES;
				INFOPLIST_FILE = GITHUBDEMO/Info.plist;
				INFOPLIST_KEY_UIApplicationSupportsIndirectInputEvents = YES;
				INFOPLIST_KEY_UILaunchStoryboardName = LaunchScreen;
				INFOPLIST_KEY_UIMainStoryboardFile = Main;
				INFOPLIST_KEY_UISupportedInterfaceOrientations_iPad = "UIInterfaceOrientationPortrait UIInterfaceOrientationPortraitUpsideDown UIInterfaceOrientationLandscapeLeft UIInterfaceOrientationLandscapeRight";
				INFOPLIST_KEY_UISupportedInterfaceOrientations_iPhone = "UIInterfaceOrientationPortrait UIInterfaceOrientationLandscapeLeft UIInterfaceOrientationLandscapeRight";
				LD_RUNPATH_SEARCH_PATHS = (
					"$(inherited)",
					"@executable_path/Frameworks",
				);
				MARKETING_VERSION = 1.0;
				PRODUCT_BUNDLE_IDENTIFIER = com.hy.GITHUBDEMO;
				PRODUCT_NAME = "$(TARGET_NAME)";
				SWIFT_EMIT_LOC_STRINGS = YES;
				SWIFT_VERSION = 5.0;
				TARGETED_DEVICE_FAMILY = "1,2";
			};
			name = Release;
		};
		04494FF52CA54CB900492B76 /* Debug */ = {
			isa = XCBuildConfiguration;
			buildSettings = {
				ALWAYS_EMBED_SWIFT_STANDARD_LIBRARIES = YES;
				BUNDLE_LOADER = "$(TEST_HOST)";
				CODE_SIGN_STYLE = Automatic;
				CURRENT_PROJECT_VERSION = 1;
				GENERATE_INFOPLIST_FILE = YES;
				IPHONEOS_DEPLOYMENT_TARGET = 17.5;
				MARKETING_VERSION = 1.0;
				PRODUCT_BUNDLE_IDENTIFIER = com.hy.GITHUBDEMOTests;
				PRODUCT_NAME = "$(TARGET_NAME)";
				SWIFT_EMIT_LOC_STRINGS = NO;
				SWIFT_VERSION = 5.0;
				TARGETED_DEVICE_FAMILY = "1,2";
				TEST_HOST = "$(BUILT_PRODUCTS_DIR)/GITHUBDEMO.app/$(BUNDLE_EXECUTABLE_FOLDER_PATH)/GITHUBDEMO";
			};
			name = Debug;
		};
		04494FF62CA54CB900492B76 /* Release */ = {
			isa = XCBuildConfiguration;
			buildSettings = {
				ALWAYS_EMBED_SWIFT_STANDARD_LIBRARIES = YES;
				BUNDLE_LOADER = "$(TEST_HOST)";
				CODE_SIGN_STYLE = Automatic;
				CURRENT_PROJECT_VERSION = 1;
				GENERATE_INFOPLIST_FILE = YES;
				IPHONEOS_DEPLOYMENT_TARGET = 17.5;
				MARKETING_VERSION = 1.0;
				PRODUCT_BUNDLE_IDENTIFIER = com.hy.GITHUBDEMOTests;
				PRODUCT_NAME = "$(TARGET_NAME)";
				SWIFT_EMIT_LOC_STRINGS = NO;
				SWIFT_VERSION = 5.0;
				TARGETED_DEVICE_FAMILY = "1,2";
				TEST_HOST = "$(BUILT_PRODUCTS_DIR)/GITHUBDEMO.app/$(BUNDLE_EXECUTABLE_FOLDER_PATH)/GITHUBDEMO";
			};
			name = Release;
		};
		04494FF82CA54CB900492B76 /* Debug */ = {
			isa = XCBuildConfiguration;
			buildSettings = {
				ALWAYS_EMBED_SWIFT_STANDARD_LIBRARIES = YES;
				CODE_SIGN_STYLE = Automatic;
				CURRENT_PROJECT_VERSION = 1;
				GENERATE_INFOPLIST_FILE = YES;
				MARKETING_VERSION = 1.0;
				PRODUCT_BUNDLE_IDENTIFIER = com.hy.GITHUBDEMOUITests;
				PRODUCT_NAME = "$(TARGET_NAME)";
				SWIFT_EMIT_LOC_STRINGS = NO;
				SWIFT_VERSION = 5.0;
				TARGETED_DEVICE_FAMILY = "1,2";
				TEST_TARGET_NAME = GITHUBDEMO;
			};
			name = Debug;
		};
		04494FF92CA54CB900492B76 /* Release */ = {
			isa = XCBuildConfiguration;
			buildSettings = {
				ALWAYS_EMBED_SWIFT_STANDARD_LIBRARIES = YES;
				CODE_SIGN_STYLE = Automatic;
				CURRENT_PROJECT_VERSION = 1;
				GENERATE_INFOPLIST_FILE = YES;
				MARKETING_VERSION = 1.0;
				PRODUCT_BUNDLE_IDENTIFIER = com.hy.GITHUBDEMOUITests;
				PRODUCT_NAME = "$(TARGET_NAME)";
				SWIFT_EMIT_LOC_STRINGS = NO;
				SWIFT_VERSION = 5.0;
				TARGETED_DEVICE_FAMILY = "1,2";
				TEST_TARGET_NAME = GITHUBDEMO;
			};
			name = Release;
		};
/* End XCBuildConfiguration section */

/* Begin XCConfigurationList section */
		04494FC22CA54CB800492B76 /* Build configuration list for PBXProject "GITHUBDEMO" */ = {
			isa = XCConfigurationList;
			buildConfigurations = (
				04494FEF2CA54CB900492B76 /* Debug */,
				04494FF02CA54CB900492B76 /* Release */,
			);
			defaultConfigurationIsVisible = 0;
			defaultConfigurationName = Release;
		};
		04494FF12CA54CB900492B76 /* Build configuration list for PBXNativeTarget "GITHUBDEMO" */ = {
			isa = XCConfigurationList;
			buildConfigurations = (
				04494FF22CA54CB900492B76 /* Debug */,
				04494FF32CA54CB900492B76 /* Release */,
			);
			defaultConfigurationIsVisible = 0;
			defaultConfigurationName = Release;
		};
		04494FF42CA54CB900492B76 /* Build configuration list for PBXNativeTarget "GITHUBDEMOTests" */ = {
			isa = XCConfigurationList;
			buildConfigurations = (
				04494FF52CA54CB900492B76 /* Debug */,
				04494FF62CA54CB900492B76 /* Release */,
			);
			defaultConfigurationIsVisible = 0;
			defaultConfigurationName = Release;
		};
		04494FF72CA54CB900492B76 /* Build configuration list for PBXNativeTarget "GITHUBDEMOUITests" */ = {
			isa = XCConfigurationList;
			buildConfigurations = (
				04494FF82CA54CB900492B76 /* Debug */,
				04494FF92CA54CB900492B76 /* Release */,
			);
			defaultConfigurationIsVisible = 0;
			defaultConfigurationName = Release;
		};
/* End XCConfigurationList section */
	};
	rootObject = 04494FBF2CA54CB800492B76 /* Project object */;
}
